
Microsoft Visual Studio Solution File, Format Version 12.00
Project("{FAE04EC0-301F-11D3-BF4B-00C04F79EFBC}") = "SteamWebWrapper", "SteamWebWrapper\SteamWebWrapper.csproj", "{C0302976-1936-4C5B-B26C-93C81F23113B}"
EndProject
Project("{2150E333-8FDC-42A3-9474-1A3956D46DE8}") = "tests", "tests", "{E8A13556-7F17-4D9F-81B6-5FD172D812A9}"
EndProject
Project("{2150E333-8FDC-42A3-9474-1A3956D46DE8}") = "src", "src", "{8847C7F4-B9FE-4337-9E2B-94C4900A09FD}"
EndProject
Global
	GlobalSection(SolutionConfigurationPlatforms) = preSolution
		Debug|Any CPU = Debug|Any CPU
		Release|Any CPU = Release|Any CPU
	EndGlobalSection
	GlobalSection(ProjectConfigurationPlatforms) = postSolution
		{C0302976-1936-4C5B-B26C-93C81F23113B}.Debug|Any CPU.ActiveCfg = Debug|Any CPU
		{C0302976-1936-4C5B-B26C-93C81F23113B}.Debug|Any CPU.Build.0 = Debug|Any CPU
		{C0302976-1936-4C5B-B26C-93C81F23113B}.Release|Any CPU.ActiveCfg = Release|Any CPU
		{C0302976-1936-4C5B-B26C-93C81F23113B}.Release|Any CPU.Build.0 = Release|Any CPU
	EndGlobalSection
	GlobalSection(NestedProjects) = preSolution
		{C0302976-1936-4C5B-B26C-93C81F23113B} = {8847C7F4-B9FE-4337-9E2B-94C4900A09FD}
	EndGlobalSection
EndGlobal
