
Microsoft Visual Studio Solution File, Format Version 12.00
Project("{2150E333-8FDC-42A3-9474-1A3956D46DE8}") = "tests", "tests", "{E8A13556-7F17-4D9F-81B6-5FD172D812A9}"
EndProject
Project("{2150E333-8FDC-42A3-9474-1A3956D46DE8}") = "src", "src", "{8847C7F4-B9FE-4337-9E2B-94C4900A09FD}"
EndProject
Project("{FAE04EC0-301F-11D3-BF4B-00C04F79EFBC}") = "SteamMarketSDK.Core", "src\SteamMarketSDK.Core\SteamMarketSDK.Core.csproj", "{EE6EBB8B-317B-4CF1-84C7-5711884D7D9F}"
EndProject
Project("{FAE04EC0-301F-11D3-BF4B-00C04F79EFBC}") = "SteamMarketSDK.UnitTests", "tests\SteamMarketSDK.UnitTests\SteamMarketSDK.UnitTests.csproj", "{E450C393-C1E0-4B1D-B129-8CB2AF16C2AC}"
EndProject
Project("{FAE04EC0-301F-11D3-BF4B-00C04F79EFBC}") = "SteamMarketSDK.IntegrationTests", "tests\SteamMarketSDK.IntegrationTests\SteamMarketSDK.IntegrationTests.csproj", "{A91E1915-CC31-4CCC-A830-EF1BB4B5557B}"
EndProject
Project("{FAE04EC0-301F-11D3-BF4B-00C04F79EFBC}") = "SteamMarketSDK", "src\SteamMarketSDK\SteamMarketSDK.csproj", "{C675FEF1-699A-4F15-9420-63B67DC66A1B}"
EndProject
Project("{FAE04EC0-301F-11D3-BF4B-00C04F79EFBC}") = "SteamMarketSDK.Core.SteamGuard", "src\SteamMarketSDK.Core.SteamGuard\SteamMarketSDK.Core.SteamGuard.csproj", "{5AD0934E-F6C4-4AE5-83AF-C788313B2A87}"
EndProject
Project("{FAE04EC0-301F-11D3-BF4B-00C04F79EFBC}") = "SteamMarketSDK.Common", "src\SteamMarketSDK.Common\SteamMarketSDK.Common.csproj", "{0A197008-ABE4-4FAB-BF4D-8366B4586425}"
EndProject
Project("{FAE04EC0-301F-11D3-BF4B-00C04F79EFBC}") = "SteamMarketSDK.Contracts", "src\SteamMarketSDK.Contracts\SteamMarketSDK.Contracts.csproj", "{2798C6F8-A61A-416F-BDD1-4085D281BEE3}"
EndProject
Project("{2150E333-8FDC-42A3-9474-1A3956D46DE8}") = "core", "core", "{5ED29C8A-C01D-4037-B4C7-233E490DFFBE}"
EndProject
Project("{2150E333-8FDC-42A3-9474-1A3956D46DE8}") = "pipeline", "pipeline", "{4828D7CB-AE9A-4924-867C-AB24F91CD9F2}"
	ProjectSection(SolutionItems) = preProject
		.github\workflows\build.yml = .github\workflows\build.yml
	EndProjectSection
EndProject
Project("{FAE04EC0-301F-11D3-BF4B-00C04F79EFBC}") = "SteamMarketSDK.Core.Contracts", "src\SteamMarketSDK.Core.Contracts\SteamMarketSDK.Core.Contracts.csproj", "{3C050BD1-3841-4EF7-92F2-03FA8170D249}"
EndProject
Project("{2150E333-8FDC-42A3-9474-1A3956D46DE8}") = "docs", "docs", "{A19BCCAF-7084-4D9B-98E1-4993636FC121}"
	ProjectSection(SolutionItems) = preProject
		README.md = README.md
		LICENSE = LICENSE
	EndProjectSection
EndProject
Global
	GlobalSection(SolutionConfigurationPlatforms) = preSolution
		Debug|Any CPU = Debug|Any CPU
		Release|Any CPU = Release|Any CPU
	EndGlobalSection
	GlobalSection(ProjectConfigurationPlatforms) = postSolution
		{EE6EBB8B-317B-4CF1-84C7-5711884D7D9F}.Debug|Any CPU.ActiveCfg = Debug|Any CPU
		{EE6EBB8B-317B-4CF1-84C7-5711884D7D9F}.Debug|Any CPU.Build.0 = Debug|Any CPU
		{EE6EBB8B-317B-4CF1-84C7-5711884D7D9F}.Release|Any CPU.ActiveCfg = Release|Any CPU
		{EE6EBB8B-317B-4CF1-84C7-5711884D7D9F}.Release|Any CPU.Build.0 = Release|Any CPU
		{E450C393-C1E0-4B1D-B129-8CB2AF16C2AC}.Debug|Any CPU.ActiveCfg = Debug|Any CPU
		{E450C393-C1E0-4B1D-B129-8CB2AF16C2AC}.Debug|Any CPU.Build.0 = Debug|Any CPU
		{E450C393-C1E0-4B1D-B129-8CB2AF16C2AC}.Release|Any CPU.ActiveCfg = Release|Any CPU
		{E450C393-C1E0-4B1D-B129-8CB2AF16C2AC}.Release|Any CPU.Build.0 = Release|Any CPU
		{A91E1915-CC31-4CCC-A830-EF1BB4B5557B}.Debug|Any CPU.ActiveCfg = Debug|Any CPU
		{A91E1915-CC31-4CCC-A830-EF1BB4B5557B}.Debug|Any CPU.Build.0 = Debug|Any CPU
		{A91E1915-CC31-4CCC-A830-EF1BB4B5557B}.Release|Any CPU.ActiveCfg = Release|Any CPU
		{A91E1915-CC31-4CCC-A830-EF1BB4B5557B}.Release|Any CPU.Build.0 = Release|Any CPU
		{C675FEF1-699A-4F15-9420-63B67DC66A1B}.Debug|Any CPU.ActiveCfg = Debug|Any CPU
		{C675FEF1-699A-4F15-9420-63B67DC66A1B}.Debug|Any CPU.Build.0 = Debug|Any CPU
		{C675FEF1-699A-4F15-9420-63B67DC66A1B}.Release|Any CPU.ActiveCfg = Release|Any CPU
		{C675FEF1-699A-4F15-9420-63B67DC66A1B}.Release|Any CPU.Build.0 = Release|Any CPU
		{5AD0934E-F6C4-4AE5-83AF-C788313B2A87}.Debug|Any CPU.ActiveCfg = Debug|Any CPU
		{5AD0934E-F6C4-4AE5-83AF-C788313B2A87}.Debug|Any CPU.Build.0 = Debug|Any CPU
		{5AD0934E-F6C4-4AE5-83AF-C788313B2A87}.Release|Any CPU.ActiveCfg = Release|Any CPU
		{5AD0934E-F6C4-4AE5-83AF-C788313B2A87}.Release|Any CPU.Build.0 = Release|Any CPU
		{0A197008-ABE4-4FAB-BF4D-8366B4586425}.Debug|Any CPU.ActiveCfg = Debug|Any CPU
		{0A197008-ABE4-4FAB-BF4D-8366B4586425}.Debug|Any CPU.Build.0 = Debug|Any CPU
		{0A197008-ABE4-4FAB-BF4D-8366B4586425}.Release|Any CPU.ActiveCfg = Release|Any CPU
		{0A197008-ABE4-4FAB-BF4D-8366B4586425}.Release|Any CPU.Build.0 = Release|Any CPU
		{2798C6F8-A61A-416F-BDD1-4085D281BEE3}.Debug|Any CPU.ActiveCfg = Debug|Any CPU
		{2798C6F8-A61A-416F-BDD1-4085D281BEE3}.Debug|Any CPU.Build.0 = Debug|Any CPU
		{2798C6F8-A61A-416F-BDD1-4085D281BEE3}.Release|Any CPU.ActiveCfg = Release|Any CPU
		{2798C6F8-A61A-416F-BDD1-4085D281BEE3}.Release|Any CPU.Build.0 = Release|Any CPU
		{3C050BD1-3841-4EF7-92F2-03FA8170D249}.Debug|Any CPU.ActiveCfg = Debug|Any CPU
		{3C050BD1-3841-4EF7-92F2-03FA8170D249}.Debug|Any CPU.Build.0 = Debug|Any CPU
		{3C050BD1-3841-4EF7-92F2-03FA8170D249}.Release|Any CPU.ActiveCfg = Release|Any CPU
		{3C050BD1-3841-4EF7-92F2-03FA8170D249}.Release|Any CPU.Build.0 = Release|Any CPU
	EndGlobalSection
	GlobalSection(NestedProjects) = preSolution
		{E450C393-C1E0-4B1D-B129-8CB2AF16C2AC} = {E8A13556-7F17-4D9F-81B6-5FD172D812A9}
		{A91E1915-CC31-4CCC-A830-EF1BB4B5557B} = {E8A13556-7F17-4D9F-81B6-5FD172D812A9}
		{C675FEF1-699A-4F15-9420-63B67DC66A1B} = {8847C7F4-B9FE-4337-9E2B-94C4900A09FD}
		{0A197008-ABE4-4FAB-BF4D-8366B4586425} = {8847C7F4-B9FE-4337-9E2B-94C4900A09FD}
		{2798C6F8-A61A-416F-BDD1-4085D281BEE3} = {8847C7F4-B9FE-4337-9E2B-94C4900A09FD}
		{5ED29C8A-C01D-4037-B4C7-233E490DFFBE} = {8847C7F4-B9FE-4337-9E2B-94C4900A09FD}
		{EE6EBB8B-317B-4CF1-84C7-5711884D7D9F} = {5ED29C8A-C01D-4037-B4C7-233E490DFFBE}
		{5AD0934E-F6C4-4AE5-83AF-C788313B2A87} = {5ED29C8A-C01D-4037-B4C7-233E490DFFBE}
		{3C050BD1-3841-4EF7-92F2-03FA8170D249} = {5ED29C8A-C01D-4037-B4C7-233E490DFFBE}
	EndGlobalSection
EndGlobal
